// !$*UTF8*$!
{
	archiveVersion = 1;
	classes = {
	};
	objectVersion = 56;
	objects = {

/* Begin PBXBuildFile section */
		012C429E2C89D88000C78861 /* SwiftUI_CryptoCoinApp.swift in Sources */ = {isa = PBXBuildFile; fileRef = 012C429D2C89D88000C78861 /* SwiftUI_CryptoCoinApp.swift */; };
		012C42A02C89D88000C78861 /* ContentView.swift in Sources */ = {isa = PBXBuildFile; fileRef = 012C429F2C89D88000C78861 /* ContentView.swift */; };
		012C42A22C89D88100C78861 /* Assets.xcassets in Resources */ = {isa = PBXBuildFile; fileRef = 012C42A12C89D88100C78861 /* Assets.xcassets */; };
		012C42A52C89D88100C78861 /* Preview Assets.xcassets in Resources */ = {isa = PBXBuildFile; fileRef = 012C42A42C89D88100C78861 /* Preview Assets.xcassets */; };
		012C42AC2C89D8CD00C78861 /* TrendingView.swift in Sources */ = {isa = PBXBuildFile; fileRef = 012C42AB2C89D8CD00C78861 /* TrendingView.swift */; };
		012C42AF2C89E44500C78861 /* Alamofire in Frameworks */ = {isa = PBXBuildFile; productRef = 012C42AE2C89E44500C78861 /* Alamofire */; };
		012C42B32C89E49600C78861 /* TrendingCoin.swift in Sources */ = {isa = PBXBuildFile; fileRef = 012C42B22C89E49600C78861 /* TrendingCoin.swift */; };
		012C42B72C89E91E00C78861 /* .gitignore in Resources */ = {isa = PBXBuildFile; fileRef = 012C42B62C89E91E00C78861 /* .gitignore */; };
		012C42B92C89E96000C78861 /* APIUrl.swift in Sources */ = {isa = PBXBuildFile; fileRef = 012C42B82C89E96000C78861 /* APIUrl.swift */; };
		012C42BC2C89E9E900C78861 /* Array+.swift in Sources */ = {isa = PBXBuildFile; fileRef = 012C42BB2C89E9E900C78861 /* Array+.swift */; };
		012C42BF2C8AD94E00C78861 /* Kingfisher in Frameworks */ = {isa = PBXBuildFile; productRef = 012C42BE2C8AD94E00C78861 /* Kingfisher */; };
		012C42C12C8ADF4E00C78861 /* SearchingView.swift in Sources */ = {isa = PBXBuildFile; fileRef = 012C42C02C8ADF4E00C78861 /* SearchingView.swift */; };
		012C42C52C8AEB7B00C78861 /* View+.swift in Sources */ = {isa = PBXBuildFile; fileRef = 012C42C42C8AEB7B00C78861 /* View+.swift */; };
		012C42CC2C8C3E8400C78861 /* SearchingCoin.swift in Sources */ = {isa = PBXBuildFile; fileRef = 012C42CB2C8C3E8400C78861 /* SearchingCoin.swift */; };
/* End PBXBuildFile section */

/* Begin PBXFileReference section */
		012C429A2C89D88000C78861 /* SwiftUI_CryptoCoin.app */ = {isa = PBXFileReference; explicitFileType = wrapper.application; includeInIndex = 0; path = SwiftUI_CryptoCoin.app; sourceTree = BUILT_PRODUCTS_DIR; };
		012C429D2C89D88000C78861 /* SwiftUI_CryptoCoinApp.swift */ = {isa = PBXFileReference; lastKnownFileType = sourcecode.swift; path = SwiftUI_CryptoCoinApp.swift; sourceTree = "<group>"; };
		012C429F2C89D88000C78861 /* ContentView.swift */ = {isa = PBXFileReference; lastKnownFileType = sourcecode.swift; path = ContentView.swift; sourceTree = "<group>"; };
		012C42A12C89D88100C78861 /* Assets.xcassets */ = {isa = PBXFileReference; lastKnownFileType = folder.assetcatalog; path = Assets.xcassets; sourceTree = "<group>"; };
		012C42A42C89D88100C78861 /* Preview Assets.xcassets */ = {isa = PBXFileReference; lastKnownFileType = folder.assetcatalog; path = "Preview Assets.xcassets"; sourceTree = "<group>"; };
		012C42AB2C89D8CD00C78861 /* TrendingView.swift */ = {isa = PBXFileReference; lastKnownFileType = sourcecode.swift; path = TrendingView.swift; sourceTree = "<group>"; };
		012C42B22C89E49600C78861 /* TrendingCoin.swift */ = {isa = PBXFileReference; lastKnownFileType = sourcecode.swift; path = TrendingCoin.swift; sourceTree = "<group>"; };
		012C42B62C89E91E00C78861 /* .gitignore */ = {isa = PBXFileReference; lastKnownFileType = text; path = .gitignore; sourceTree = "<group>"; };
		012C42B82C89E96000C78861 /* APIUrl.swift */ = {isa = PBXFileReference; lastKnownFileType = sourcecode.swift; path = APIUrl.swift; sourceTree = "<group>"; };
		012C42BB2C89E9E900C78861 /* Array+.swift */ = {isa = PBXFileReference; lastKnownFileType = sourcecode.swift; path = "Array+.swift"; sourceTree = "<group>"; };
		012C42C02C8ADF4E00C78861 /* SearchingView.swift */ = {isa = PBXFileReference; lastKnownFileType = sourcecode.swift; path = SearchingView.swift; sourceTree = "<group>"; };
		012C42C42C8AEB7B00C78861 /* View+.swift */ = {isa = PBXFileReference; lastKnownFileType = sourcecode.swift; path = "View+.swift"; sourceTree = "<group>"; };
		012C42CB2C8C3E8400C78861 /* SearchingCoin.swift */ = {isa = PBXFileReference; lastKnownFileType = sourcecode.swift; path = SearchingCoin.swift; sourceTree = "<group>"; };
/* End PBXFileReference section */

/* Begin PBXFrameworksBuildPhase section */
		012C42972C89D88000C78861 /* Frameworks */ = {
			isa = PBXFrameworksBuildPhase;
			buildActionMask = 2147483647;
			files = (
				012C42BF2C8AD94E00C78861 /* Kingfisher in Frameworks */,
				012C42AF2C89E44500C78861 /* Alamofire in Frameworks */,
			);
			runOnlyForDeploymentPostprocessing = 0;
		};
/* End PBXFrameworksBuildPhase section */

/* Begin PBXGroup section */
		012C42912C89D88000C78861 = {
			isa = PBXGroup;
			children = (
				012C42B62C89E91E00C78861 /* .gitignore */,
				012C429C2C89D88000C78861 /* SwiftUI_CryptoCoin */,
				012C429B2C89D88000C78861 /* Products */,
			);
			sourceTree = "<group>";
		};
		012C429B2C89D88000C78861 /* Products */ = {
			isa = PBXGroup;
			children = (
				012C429A2C89D88000C78861 /* SwiftUI_CryptoCoin.app */,
			);
			name = Products;
			sourceTree = "<group>";
		};
		012C429C2C89D88000C78861 /* SwiftUI_CryptoCoin */ = {
			isa = PBXGroup;
			children = (
				012C42BA2C89E9E000C78861 /* Extension */,
				012C42B02C89E48000C78861 /* Network */,
				012C429D2C89D88000C78861 /* SwiftUI_CryptoCoinApp.swift */,
				012C429F2C89D88000C78861 /* ContentView.swift */,
				012C42AB2C89D8CD00C78861 /* TrendingView.swift */,
				012C42C02C8ADF4E00C78861 /* SearchingView.swift */,
				012C42CD2C8C474F00C78861 /* New Group */,
				012C42B82C89E96000C78861 /* APIUrl.swift */,
				012C42A12C89D88100C78861 /* Assets.xcassets */,
				012C42A32C89D88100C78861 /* Preview Content */,
			);
			path = SwiftUI_CryptoCoin;
			sourceTree = "<group>";
		};
		012C42A32C89D88100C78861 /* Preview Content */ = {
			isa = PBXGroup;
			children = (
				012C42A42C89D88100C78861 /* Preview Assets.xcassets */,
			);
			path = "Preview Content";
			sourceTree = "<group>";
		};
		012C42B02C89E48000C78861 /* Network */ = {
			isa = PBXGroup;
			children = (
				012C42B12C89E48600C78861 /* Model */,
			);
			path = Network;
			sourceTree = "<group>";
		};
		012C42B12C89E48600C78861 /* Model */ = {
			isa = PBXGroup;
			children = (
				012C42B22C89E49600C78861 /* TrendingCoin.swift */,
				012C42CB2C8C3E8400C78861 /* SearchingCoin.swift */,
			);
			path = Model;
			sourceTree = "<group>";
		};
		012C42BA2C89E9E000C78861 /* Extension */ = {
			isa = PBXGroup;
			children = (
				012C42BB2C89E9E900C78861 /* Array+.swift */,
				012C42C42C8AEB7B00C78861 /* View+.swift */,
			);
			path = Extension;
			sourceTree = "<group>";
		};
		012C42CD2C8C474F00C78861 /* New Group */ = {
			isa = PBXGroup;
			children = (
			);
			path = "New Group";
			sourceTree = "<group>";
		};
/* End PBXGroup section */

/* Begin PBXNativeTarget section */
		012C42992C89D88000C78861 /* SwiftUI_CryptoCoin */ = {
			isa = PBXNativeTarget;
			buildConfigurationList = 012C42A82C89D88100C78861 /* Build configuration list for PBXNativeTarget "SwiftUI_CryptoCoin" */;
			buildPhases = (
				012C42962C89D88000C78861 /* Sources */,
				012C42972C89D88000C78861 /* Frameworks */,
				012C42982C89D88000C78861 /* Resources */,
			);
			buildRules = (
			);
			dependencies = (
			);
			name = SwiftUI_CryptoCoin;
			packageProductDependencies = (
				012C42AE2C89E44500C78861 /* Alamofire */,
				012C42BE2C8AD94E00C78861 /* Kingfisher */,
			);
			productName = SwiftUI_CryptoCoin;
			productReference = 012C429A2C89D88000C78861 /* SwiftUI_CryptoCoin.app */;
			productType = "com.apple.product-type.application";
		};
/* End PBXNativeTarget section */

/* Begin PBXProject section */
		012C42922C89D88000C78861 /* Project object */ = {
			isa = PBXProject;
			attributes = {
				BuildIndependentTargetsInParallel = 1;
				LastSwiftUpdateCheck = 1530;
				LastUpgradeCheck = 1530;
				TargetAttributes = {
					012C42992C89D88000C78861 = {
						CreatedOnToolsVersion = 15.3;
					};
				};
			};
			buildConfigurationList = 012C42952C89D88000C78861 /* Build configuration list for PBXProject "SwiftUI_CryptoCoin" */;
			compatibilityVersion = "Xcode 14.0";
			developmentRegion = en;
			hasScannedForEncodings = 0;
			knownRegions = (
				en,
				Base,
			);
			mainGroup = 012C42912C89D88000C78861;
			packageReferences = (
				012C42AD2C89E44500C78861 /* XCRemoteSwiftPackageReference "Alamofire" */,
				012C42BD2C8AD94E00C78861 /* XCRemoteSwiftPackageReference "Kingfisher" */,
			);
			productRefGroup = 012C429B2C89D88000C78861 /* Products */;
			projectDirPath = "";
			projectRoot = "";
			targets = (
				012C42992C89D88000C78861 /* SwiftUI_CryptoCoin */,
			);
		};
/* End PBXProject section */

/* Begin PBXResourcesBuildPhase section */
		012C42982C89D88000C78861 /* Resources */ = {
			isa = PBXResourcesBuildPhase;
			buildActionMask = 2147483647;
			files = (
				012C42A52C89D88100C78861 /* Preview Assets.xcassets in Resources */,
				012C42B72C89E91E00C78861 /* .gitignore in Resources */,
				012C42A22C89D88100C78861 /* Assets.xcassets in Resources */,
			);
			runOnlyForDeploymentPostprocessing = 0;
		};
/* End PBXResourcesBuildPhase section */

/* Begin PBXSourcesBuildPhase section */
		012C42962C89D88000C78861 /* Sources */ = {
			isa = PBXSourcesBuildPhase;
			buildActionMask = 2147483647;
			files = (
				012C42B92C89E96000C78861 /* APIUrl.swift in Sources */,
				012C42CC2C8C3E8400C78861 /* SearchingCoin.swift in Sources */,
				012C42BC2C89E9E900C78861 /* Array+.swift in Sources */,
				012C42AC2C89D8CD00C78861 /* TrendingView.swift in Sources */,
				012C42B32C89E49600C78861 /* TrendingCoin.swift in Sources */,
				012C42C52C8AEB7B00C78861 /* View+.swift in Sources */,
				012C42C12C8ADF4E00C78861 /* SearchingView.swift in Sources */,
				012C42A02C89D88000C78861 /* ContentView.swift in Sources */,
				012C429E2C89D88000C78861 /* SwiftUI_CryptoCoinApp.swift in Sources */,
			);
			runOnlyForDeploymentPostprocessing = 0;
		};
/* End PBXSourcesBuildPhase section */

/* Begin XCBuildConfiguration section */
		012C42A62C89D88100C78861 /* Debug */ = {
			isa = XCBuildConfiguration;
			buildSettings = {
				ALWAYS_SEARCH_USER_PATHS = NO;
				ASSETCATALOG_COMPILER_GENERATE_SWIFT_ASSET_SYMBOL_EXTENSIONS = YES;
				CLANG_ANALYZER_NONNULL = YES;
				CLANG_ANALYZER_NUMBER_OBJECT_CONVERSION = YES_AGGRESSIVE;
				CLANG_CXX_LANGUAGE_STANDARD = "gnu++20";
				CLANG_ENABLE_MODULES = YES;
				CLANG_ENABLE_OBJC_ARC = YES;
				CLANG_ENABLE_OBJC_WEAK = YES;
				CLANG_WARN_BLOCK_CAPTURE_AUTORELEASING = YES;
				CLANG_WARN_BOOL_CONVERSION = YES;
				CLANG_WARN_COMMA = YES;
				CLANG_WARN_CONSTANT_CONVERSION = YES;
				CLANG_WARN_DEPRECATED_OBJC_IMPLEMENTATIONS = YES;
				CLANG_WARN_DIRECT_OBJC_ISA_USAGE = YES_ERROR;
				CLANG_WARN_DOCUMENTATION_COMMENTS = YES;
				CLANG_WARN_EMPTY_BODY = YES;
				CLANG_WARN_ENUM_CONVERSION = YES;
				CLANG_WARN_INFINITE_RECURSION = YES;
				CLANG_WARN_INT_CONVERSION = YES;
				CLANG_WARN_NON_LITERAL_NULL_CONVERSION = YES;
				CLANG_WARN_OBJC_IMPLICIT_RETAIN_SELF = YES;
				CLANG_WARN_OBJC_LITERAL_CONVERSION = YES;
				CLANG_WARN_OBJC_ROOT_CLASS = YES_ERROR;
				CLANG_WARN_QUOTED_INCLUDE_IN_FRAMEWORK_HEADER = YES;
				CLANG_WARN_RANGE_LOOP_ANALYSIS = YES;
				CLANG_WARN_STRICT_PROTOTYPES = YES;
				CLANG_WARN_SUSPICIOUS_MOVE = YES;
				CLANG_WARN_UNGUARDED_AVAILABILITY = YES_AGGRESSIVE;
				CLANG_WARN_UNREACHABLE_CODE = YES;
				CLANG_WARN__DUPLICATE_METHOD_MATCH = YES;
				COPY_PHASE_STRIP = NO;
				DEBUG_INFORMATION_FORMAT = dwarf;
				ENABLE_STRICT_OBJC_MSGSEND = YES;
				ENABLE_TESTABILITY = YES;
				ENABLE_USER_SCRIPT_SANDBOXING = YES;
				GCC_C_LANGUAGE_STANDARD = gnu17;
				GCC_DYNAMIC_NO_PIC = NO;
				GCC_NO_COMMON_BLOCKS = YES;
				GCC_OPTIMIZATION_LEVEL = 0;
				GCC_PREPROCESSOR_DEFINITIONS = (
					"DEBUG=1",
					"$(inherited)",
				);
				GCC_WARN_64_TO_32_BIT_CONVERSION = YES;
				GCC_WARN_ABOUT_RETURN_TYPE = YES_ERROR;
				GCC_WARN_UNDECLARED_SELECTOR = YES;
				GCC_WARN_UNINITIALIZED_AUTOS = YES_AGGRESSIVE;
				GCC_WARN_UNUSED_FUNCTION = YES;
				GCC_WARN_UNUSED_VARIABLE = YES;
				IPHONEOS_DEPLOYMENT_TARGET = 17.4;
				LOCALIZATION_PREFERS_STRING_CATALOGS = YES;
				MTL_ENABLE_DEBUG_INFO = INCLUDE_SOURCE;
				MTL_FAST_MATH = YES;
				ONLY_ACTIVE_ARCH = YES;
				SDKROOT = iphoneos;
				SWIFT_ACTIVE_COMPILATION_CONDITIONS = "DEBUG $(inherited)";
				SWIFT_OPTIMIZATION_LEVEL = "-Onone";
			};
			name = Debug;
		};
		012C42A72C89D88100C78861 /* Release */ = {
			isa = XCBuildConfiguration;
			buildSettings = {
				ALWAYS_SEARCH_USER_PATHS = NO;
				ASSETCATALOG_COMPILER_GENERATE_SWIFT_ASSET_SYMBOL_EXTENSIONS = YES;
				CLANG_ANALYZER_NONNULL = YES;
				CLANG_ANALYZER_NUMBER_OBJECT_CONVERSION = YES_AGGRESSIVE;
				CLANG_CXX_LANGUAGE_STANDARD = "gnu++20";
				CLANG_ENABLE_MODULES = YES;
				CLANG_ENABLE_OBJC_ARC = YES;
				CLANG_ENABLE_OBJC_WEAK = YES;
				CLANG_WARN_BLOCK_CAPTURE_AUTORELEASING = YES;
				CLANG_WARN_BOOL_CONVERSION = YES;
				CLANG_WARN_COMMA = YES;
				CLANG_WARN_CONSTANT_CONVERSION = YES;
				CLANG_WARN_DEPRECATED_OBJC_IMPLEMENTATIONS = YES;
				CLANG_WARN_DIRECT_OBJC_ISA_USAGE = YES_ERROR;
				CLANG_WARN_DOCUMENTATION_COMMENTS = YES;
				CLANG_WARN_EMPTY_BODY = YES;
				CLANG_WARN_ENUM_CONVERSION = YES;
				CLANG_WARN_INFINITE_RECURSION = YES;
				CLANG_WARN_INT_CONVERSION = YES;
				CLANG_WARN_NON_LITERAL_NULL_CONVERSION = YES;
				CLANG_WARN_OBJC_IMPLICIT_RETAIN_SELF = YES;
				CLANG_WARN_OBJC_LITERAL_CONVERSION = YES;
				CLANG_WARN_OBJC_ROOT_CLASS = YES_ERROR;
				CLANG_WARN_QUOTED_INCLUDE_IN_FRAMEWORK_HEADER = YES;
				CLANG_WARN_RANGE_LOOP_ANALYSIS = YES;
				CLANG_WARN_STRICT_PROTOTYPES = YES;
				CLANG_WARN_SUSPICIOUS_MOVE = YES;
				CLANG_WARN_UNGUARDED_AVAILABILITY = YES_AGGRESSIVE;
				CLANG_WARN_UNREACHABLE_CODE = YES;
				CLANG_WARN__DUPLICATE_METHOD_MATCH = YES;
				COPY_PHASE_STRIP = NO;
				DEBUG_INFORMATION_FORMAT = "dwarf-with-dsym";
				ENABLE_NS_ASSERTIONS = NO;
				ENABLE_STRICT_OBJC_MSGSEND = YES;
				ENABLE_USER_SCRIPT_SANDBOXING = YES;
				GCC_C_LANGUAGE_STANDARD = gnu17;
				GCC_NO_COMMON_BLOCKS = YES;
				GCC_WARN_64_TO_32_BIT_CONVERSION = YES;
				GCC_WARN_ABOUT_RETURN_TYPE = YES_ERROR;
				GCC_WARN_UNDECLARED_SELECTOR = YES;
				GCC_WARN_UNINITIALIZED_AUTOS = YES_AGGRESSIVE;
				GCC_WARN_UNUSED_FUNCTION = YES;
				GCC_WARN_UNUSED_VARIABLE = YES;
				IPHONEOS_DEPLOYMENT_TARGET = 17.4;
				LOCALIZATION_PREFERS_STRING_CATALOGS = YES;
				MTL_ENABLE_DEBUG_INFO = NO;
				MTL_FAST_MATH = YES;
				SDKROOT = iphoneos;
				SWIFT_COMPILATION_MODE = wholemodule;
				VALIDATE_PRODUCT = YES;
			};
			name = Release;
		};
		012C42A92C89D88100C78861 /* Debug */ = {
			isa = XCBuildConfiguration;
			buildSettings = {
				ASSETCATALOG_COMPILER_APPICON_NAME = AppIcon;
				ASSETCATALOG_COMPILER_GLOBAL_ACCENT_COLOR_NAME = AccentColor;
				CODE_SIGN_STYLE = Automatic;
				CURRENT_PROJECT_VERSION = 1;
				DEVELOPMENT_ASSET_PATHS = "\"SwiftUI_CryptoCoin/Preview Content\"";
				DEVELOPMENT_TEAM = 7S6PH8TVFD;
				ENABLE_PREVIEWS = YES;
				GENERATE_INFOPLIST_FILE = YES;
				INFOPLIST_KEY_UIApplicationSceneManifest_Generation = YES;
				INFOPLIST_KEY_UIApplicationSupportsIndirectInputEvents = YES;
				INFOPLIST_KEY_UILaunchScreen_Generation = YES;
				INFOPLIST_KEY_UISupportedInterfaceOrientations = UIInterfaceOrientationPortrait;
				INFOPLIST_KEY_UISupportedInterfaceOrientations_iPad = "UIInterfaceOrientationLandscapeLeft UIInterfaceOrientationLandscapeRight UIInterfaceOrientationPortrait UIInterfaceOrientationPortraitUpsideDown";
				IPHONEOS_DEPLOYMENT_TARGET = 16.0;
				LD_RUNPATH_SEARCH_PATHS = (
					"$(inherited)",
					"@executable_path/Frameworks",
				);
				MARKETING_VERSION = 1.0;
				PRODUCT_BUNDLE_IDENTIFIER = "com.seokho.SwiftUI-CryptoCoin";
				PRODUCT_NAME = "$(TARGET_NAME)";
				SUPPORTED_PLATFORMS = "iphoneos iphonesimulator";
				SUPPORTS_MACCATALYST = NO;
				SUPPORTS_MAC_DESIGNED_FOR_IPHONE_IPAD = NO;
				SUPPORTS_XR_DESIGNED_FOR_IPHONE_IPAD = NO;
				SWIFT_EMIT_LOC_STRINGS = YES;
				SWIFT_VERSION = 5.0;
				TARGETED_DEVICE_FAMILY = 1;
			};
			name = Debug;
		};
		012C42AA2C89D88100C78861 /* Release */ = {
			isa = XCBuildConfiguration;
			buildSettings = {
				ASSETCATALOG_COMPILER_APPICON_NAME = AppIcon;
				ASSETCATALOG_COMPILER_GLOBAL_ACCENT_COLOR_NAME = AccentColor;
				CODE_SIGN_STYLE = Automatic;
				CURRENT_PROJECT_VERSION = 1;
				DEVELOPMENT_ASSET_PATHS = "\"SwiftUI_CryptoCoin/Preview Content\"";
				DEVELOPMENT_TEAM = 7S6PH8TVFD;
				ENABLE_PREVIEWS = YES;
				GENERATE_INFOPLIST_FILE = YES;
				INFOPLIST_KEY_UIApplicationSceneManifest_Generation = YES;
				INFOPLIST_KEY_UIApplicationSupportsIndirectInputEvents = YES;
				INFOPLIST_KEY_UILaunchScreen_Generation = YES;
				INFOPLIST_KEY_UISupportedInterfaceOrientations = UIInterfaceOrientationPortrait;
				INFOPLIST_KEY_UISupportedInterfaceOrientations_iPad = "UIInterfaceOrientationLandscapeLeft UIInterfaceOrientationLandscapeRight UIInterfaceOrientationPortrait UIInterfaceOrientationPortraitUpsideDown";
				IPHONEOS_DEPLOYMENT_TARGET = 16.0;
				LD_RUNPATH_SEARCH_PATHS = (
					"$(inherited)",
					"@executable_path/Frameworks",
				);
				MARKETING_VERSION = 1.0;
				PRODUCT_BUNDLE_IDENTIFIER = "com.seokho.SwiftUI-CryptoCoin";
				PRODUCT_NAME = "$(TARGET_NAME)";
				SUPPORTED_PLATFORMS = "iphoneos iphonesimulator";
				SUPPORTS_MACCATALYST = NO;
				SUPPORTS_MAC_DESIGNED_FOR_IPHONE_IPAD = NO;
				SUPPORTS_XR_DESIGNED_FOR_IPHONE_IPAD = NO;
				SWIFT_EMIT_LOC_STRINGS = YES;
				SWIFT_VERSION = 5.0;
				TARGETED_DEVICE_FAMILY = 1;
			};
			name = Release;
		};
/* End XCBuildConfiguration section */

/* Begin XCConfigurationList section */
		012C42952C89D88000C78861 /* Build configuration list for PBXProject "SwiftUI_CryptoCoin" */ = {
			isa = XCConfigurationList;
			buildConfigurations = (
				012C42A62C89D88100C78861 /* Debug */,
				012C42A72C89D88100C78861 /* Release */,
			);
			defaultConfigurationIsVisible = 0;
			defaultConfigurationName = Release;
		};
		012C42A82C89D88100C78861 /* Build configuration list for PBXNativeTarget "SwiftUI_CryptoCoin" */ = {
			isa = XCConfigurationList;
			buildConfigurations = (
				012C42A92C89D88100C78861 /* Debug */,
				012C42AA2C89D88100C78861 /* Release */,
			);
			defaultConfigurationIsVisible = 0;
			defaultConfigurationName = Release;
		};
/* End XCConfigurationList section */

/* Begin XCRemoteSwiftPackageReference section */
		012C42AD2C89E44500C78861 /* XCRemoteSwiftPackageReference "Alamofire" */ = {
			isa = XCRemoteSwiftPackageReference;
			repositoryURL = "https://github.com/Alamofire/Alamofire.git";
			requirement = {
				kind = upToNextMajorVersion;
				minimumVersion = 5.9.1;
			};
		};
		012C42BD2C8AD94E00C78861 /* XCRemoteSwiftPackageReference "Kingfisher" */ = {
			isa = XCRemoteSwiftPackageReference;
			repositoryURL = "https://github.com/onevcat/Kingfisher.git";
			requirement = {
				kind = upToNextMajorVersion;
				minimumVersion = 7.12.0;
			};
		};
/* End XCRemoteSwiftPackageReference section */

/* Begin XCSwiftPackageProductDependency section */
		012C42AE2C89E44500C78861 /* Alamofire */ = {
			isa = XCSwiftPackageProductDependency;
			package = 012C42AD2C89E44500C78861 /* XCRemoteSwiftPackageReference "Alamofire" */;
			productName = Alamofire;
		};
		012C42BE2C8AD94E00C78861 /* Kingfisher */ = {
			isa = XCSwiftPackageProductDependency;
			package = 012C42BD2C8AD94E00C78861 /* XCRemoteSwiftPackageReference "Kingfisher" */;
			productName = Kingfisher;
		};
/* End XCSwiftPackageProductDependency section */
	};
	rootObject = 012C42922C89D88000C78861 /* Project object */;
}
